{
  "version": 4,
  "terraform_version": "0.13.5",
  "serial": 177,
  "lineage": "08e174fd-a7c1-ca38-167a-ae0d59b463ff",
  "outputs": {
    "web_url": {
      "value": "https://icaroribeiro-newgocctmplapi.herokuapp.com/",
      "type": "string"
    }
  },
  "resources": [
    {
      "mode": "managed",
      "type": "heroku_addon",
      "name": "database",
      "provider": "provider[\"registry.terraform.io/heroku/heroku\"]",
      "instances": [
        {
          "schema_version": 2,
          "attributes": {
            "app": "icaroribeiro-newgocctmplapi",
            "config": null,
            "config_vars": [
              "DATABASE_URL"
            ],
            "id": "db427301-180f-437f-9a09-3e40e09c543d",
            "name": "postgresql-globular-27364",
            "plan": "heroku-postgresql:hobby-dev",
            "provider_id": "27677357"
          },
          "private": "eyJzY2hlbWFfdmVyc2lvbiI6IjIifQ==",
          "dependencies": [
            "heroku_app.default"
          ]
        }
      ]
    },
    {
      "mode": "managed",
      "type": "heroku_app",
      "name": "default",
      "provider": "provider[\"registry.terraform.io/heroku/heroku\"]",
      "instances": [
        {
          "schema_version": 0,
          "attributes": {
            "acm": false,
            "all_config_vars": {},
            "buildpacks": [],
            "config_vars": {},
            "git_url": "https://git.heroku.com/icaroribeiro-newgocctmplapi.git",
            "heroku_hostname": "icaroribeiro-newgocctmplapi.herokuapp.com",
            "id": "icaroribeiro-newgocctmplapi",
            "internal_routing": false,
            "name": "icaroribeiro-newgocctmplapi",
            "organization": [],
            "region": "us",
            "sensitive_config_vars": {},
            "space": null,
            "stack": "container",
            "uuid": "b51af879-88d6-4c3d-8819-d0627dd47880",
            "web_url": "https://icaroribeiro-newgocctmplapi.herokuapp.com/"
          },
          "private": "bnVsbA=="
        }
      ]
    },
    {
      "mode": "managed",
      "type": "heroku_build",
      "name": "default",
      "provider": "provider[\"registry.terraform.io/heroku/heroku\"]",
      "instances": [
        {
          "schema_version": 0,
          "attributes": {
            "app": "icaroribeiro-newgocctmplapi",
            "buildpacks": [],
            "id": "00975f04-3450-4370-b9fd-17e2832eab4b",
            "local_checksum": "SHA256:2364ab85bfdb18d65b640e1f9f78064020362b6e565bfa7bab952b0aae9c4312",
            "output_stream_url": "https://build-output.heroku.com/streams/b5/b51af879-88d6-4c3d-8819-d0627dd47880/logs/00/00975f04-3450-4370-b9fd-17e2832eab4b.log?X-Amz-Algorithm=AWS4-HMAC-SHA256\u0026X-Amz-Credential=AKIAZSXS6CXK3PQ5Y6GY%2F20220515%2Fus-east-1%2Fs3%2Faws4_request\u0026X-Amz-Date=20220515T020454Z\u0026X-Amz-Expires=86400\u0026X-Amz-SignedHeaders=host\u0026X-Amz-Signature=61a32c37629f11c2f3b9d0d8859e3bbfbc0e890e6afdd9705a4d25bb91ff000c",
            "release_id": "0d20ec82-2ce1-4991-bc0b-591443a15463",
            "slug_id": null,
            "source": [
              {
                "checksum": "",
                "path": "../app",
                "url": "",
                "version": ""
              }
            ],
            "stack": "container",
            "status": "succeeded",
            "user": [
              {
                "email": "icaroribeiro@hotmail.com",
                "id": "1008c883-0e02-401e-9518-ac5eace28257"
              }
            ],
            "uuid": "00975f04-3450-4370-b9fd-17e2832eab4b"
          },
          "private": "bnVsbA==",
          "dependencies": [
            "heroku_app.default"
          ]
        }
      ]
    }
  ]
}
