{
  "version": 4,
  "terraform_version": "0.13.5",
  "serial": 142,
  "lineage": "08e174fd-a7c1-ca38-167a-ae0d59b463ff",
  "outputs": {
    "web_url": {
      "value": "https://icaroribeiro-newgocctmplapi.herokuapp.com/",
      "type": "string"
    }
  },
  "resources": [
    {
      "mode": "managed",
      "type": "heroku_app",
      "name": "default",
      "provider": "provider[\"registry.terraform.io/heroku/heroku\"]",
      "instances": [
        {
          "schema_version": 0,
          "attributes": {
            "acm": false,
            "all_config_vars": {},
            "buildpacks": [],
            "config_vars": {},
            "git_url": "https://git.heroku.com/icaroribeiro-newgocctmplapi.git",
            "heroku_hostname": "icaroribeiro-newgocctmplapi.herokuapp.com",
            "id": "icaroribeiro-newgocctmplapi",
            "internal_routing": false,
            "name": "icaroribeiro-newgocctmplapi",
            "organization": [],
            "region": "us",
            "sensitive_config_vars": {},
            "space": null,
            "stack": "container",
            "uuid": "4e97cbe8-56c7-4bd9-b2b6-b9a907057781",
            "web_url": "https://icaroribeiro-newgocctmplapi.herokuapp.com/"
          },
          "private": "bnVsbA=="
        }
      ]
    },
    {
      "mode": "managed",
      "type": "heroku_build",
      "name": "default",
      "provider": "provider[\"registry.terraform.io/heroku/heroku\"]",
      "instances": [
        {
          "schema_version": 0,
          "attributes": {
            "app": "icaroribeiro-newgocctmplapi",
            "buildpacks": [],
            "id": "78d11267-be72-480c-9bce-3ee2e4f4cb50",
            "local_checksum": "SHA256:bae3f15c48751841d0a76bb23cf9fdf87f8094d5cdf085227927911ca45a8f67",
            "output_stream_url": "https://build-output.heroku.com/streams/4e/4e97cbe8-56c7-4bd9-b2b6-b9a907057781/logs/78/78d11267-be72-480c-9bce-3ee2e4f4cb50.log?X-Amz-Algorithm=AWS4-HMAC-SHA256\u0026X-Amz-Credential=AKIAIQI6BAUWXGR4S77Q%2F20220309%2Fus-east-1%2Fs3%2Faws4_request\u0026X-Amz-Date=20220309T002215Z\u0026X-Amz-Expires=86400\u0026X-Amz-SignedHeaders=host\u0026X-Amz-Signature=e8b1bb74f18ed7fd0722e08818b84fee16df4ba17569d5697e1c050e2a0bdeb1",
            "release_id": "795279f7-5f80-4d99-91e2-0b7a4213d2ee",
            "slug_id": null,
            "source": [
              {
                "checksum": "",
                "path": "../app",
                "url": "",
                "version": ""
              }
            ],
            "stack": "container",
            "status": "succeeded",
            "user": [
              {
                "email": "icaroribeiro@hotmail.com",
                "id": "1008c883-0e02-401e-9518-ac5eace28257"
              }
            ],
            "uuid": "78d11267-be72-480c-9bce-3ee2e4f4cb50"
          },
          "private": "bnVsbA==",
          "dependencies": [
            "heroku_app.default"
          ]
        }
      ]
    }
  ]
}
