{
  "version": 4,
  "terraform_version": "0.13.5",
  "serial": 135,
  "lineage": "08e174fd-a7c1-ca38-167a-ae0d59b463ff",
  "outputs": {
    "web_url": {
      "value": "https://icaroribeiro-avenuesecapi.herokuapp.com/",
      "type": "string"
    }
  },
  "resources": [
    {
      "mode": "managed",
      "type": "heroku_app",
      "name": "default",
      "provider": "provider[\"registry.terraform.io/heroku/heroku\"]",
      "instances": [
        {
          "schema_version": 0,
          "attributes": {
            "acm": false,
            "all_config_vars": {},
            "buildpacks": [],
            "config_vars": {},
            "git_url": "https://git.heroku.com/icaroribeiro-avenuesecapi.git",
            "heroku_hostname": "icaroribeiro-avenuesecapi.herokuapp.com",
            "id": "icaroribeiro-avenuesecapi",
            "internal_routing": false,
            "name": "icaroribeiro-avenuesecapi",
            "organization": [],
            "region": "us",
            "sensitive_config_vars": {},
            "space": null,
            "stack": "container",
            "uuid": "dc71a961-e13c-4866-9e86-0cdac03433ab",
            "web_url": "https://icaroribeiro-avenuesecapi.herokuapp.com/"
          },
          "private": "bnVsbA=="
        }
      ]
    },
    {
      "mode": "managed",
      "type": "heroku_build",
      "name": "default",
      "provider": "provider[\"registry.terraform.io/heroku/heroku\"]",
      "instances": [
        {
          "schema_version": 0,
          "attributes": {
            "app": "icaroribeiro-avenuesecapi",
            "buildpacks": [],
            "id": "5b11df71-833a-469a-bc3d-be2b96b9226a",
            "local_checksum": "SHA256:2f14fc56a0a93ba3b6d0cdefd9adaae0b7d95e1e61e7f09758ac33ce73cf7dba",
            "output_stream_url": "https://build-output.heroku.com/streams/dc/dc71a961-e13c-4866-9e86-0cdac03433ab/logs/5b/5b11df71-833a-469a-bc3d-be2b96b9226a.log?X-Amz-Algorithm=AWS4-HMAC-SHA256\u0026X-Amz-Credential=AKIAIQI6BAUWXGR4S77Q%2F20211120%2Fus-east-1%2Fs3%2Faws4_request\u0026X-Amz-Date=20211120T235444Z\u0026X-Amz-Expires=86400\u0026X-Amz-SignedHeaders=host\u0026X-Amz-Signature=e1a503a7518c64db245ec5dd13851dcbb3f209a4676678f9488fcfde604d76b4",
            "release_id": "4b824f50-4be8-402e-ae87-232ad29c8193",
            "slug_id": null,
            "source": [
              {
                "checksum": "",
                "path": "../app",
                "url": "",
                "version": ""
              }
            ],
            "stack": "container",
            "status": "succeeded",
            "user": [
              {
                "email": "icaroribeiro@hotmail.com",
                "id": "1008c883-0e02-401e-9518-ac5eace28257"
              }
            ],
            "uuid": "5b11df71-833a-469a-bc3d-be2b96b9226a"
          },
          "private": "bnVsbA==",
          "dependencies": [
            "heroku_app.default"
          ]
        }
      ]
    }
  ]
}
