{
  "version": 4,
  "terraform_version": "0.13.5",
  "serial": 148,
  "lineage": "08e174fd-a7c1-ca38-167a-ae0d59b463ff",
  "outputs": {
    "web_url": {
      "value": "https://icaroribeiro-newgocctmplapi.herokuapp.com/",
      "type": "string"
    }
  },
  "resources": [
    {
      "mode": "managed",
      "type": "heroku_app",
      "name": "default",
      "provider": "provider[\"registry.terraform.io/heroku/heroku\"]",
      "instances": [
        {
          "schema_version": 0,
          "attributes": {
            "acm": false,
            "all_config_vars": {},
            "buildpacks": [],
            "config_vars": {},
            "git_url": "https://git.heroku.com/icaroribeiro-newgocctmplapi.git",
            "heroku_hostname": "icaroribeiro-newgocctmplapi.herokuapp.com",
            "id": "icaroribeiro-newgocctmplapi",
            "internal_routing": false,
            "name": "icaroribeiro-newgocctmplapi",
            "organization": [],
            "region": "us",
            "sensitive_config_vars": {},
            "space": null,
            "stack": "container",
            "uuid": "c9889d7c-2f83-46b5-a15b-9a5b5f1dae99",
            "web_url": "https://icaroribeiro-newgocctmplapi.herokuapp.com/"
          },
          "private": "bnVsbA=="
        }
      ]
    },
    {
      "mode": "managed",
      "type": "heroku_build",
      "name": "default",
      "provider": "provider[\"registry.terraform.io/heroku/heroku\"]",
      "instances": [
        {
          "schema_version": 0,
          "attributes": {
            "app": "icaroribeiro-newgocctmplapi",
            "buildpacks": [],
            "id": "26426436-5278-4b32-9e32-b24d8c9147ee",
            "local_checksum": "SHA256:5f7c70716d0372411c1af160014dce5a1a3943e623e4963429b3f896e2abff91",
            "output_stream_url": "https://build-output.heroku.com/streams/c9/c9889d7c-2f83-46b5-a15b-9a5b5f1dae99/logs/26/26426436-5278-4b32-9e32-b24d8c9147ee.log?X-Amz-Algorithm=AWS4-HMAC-SHA256\u0026X-Amz-Credential=AKIAZSXS6CXK3PQ5Y6GY%2F20220514%2Fus-east-1%2Fs3%2Faws4_request\u0026X-Amz-Date=20220514T020926Z\u0026X-Amz-Expires=86400\u0026X-Amz-SignedHeaders=host\u0026X-Amz-Signature=ecec4c0c573c9de998d3027c28ec570ef3db99ade32cd439323a3ef38ecd88a3",
            "release_id": "e738a320-b319-499c-86ad-8a6948a024e8",
            "slug_id": null,
            "source": [
              {
                "checksum": "",
                "path": "../app",
                "url": "",
                "version": ""
              }
            ],
            "stack": "container",
            "status": "succeeded",
            "user": [
              {
                "email": "icaroribeiro@hotmail.com",
                "id": "1008c883-0e02-401e-9518-ac5eace28257"
              }
            ],
            "uuid": "26426436-5278-4b32-9e32-b24d8c9147ee"
          },
          "private": "bnVsbA==",
          "dependencies": [
            "heroku_app.default"
          ]
        }
      ]
    }
  ]
}
