{
  "version": 4,
  "terraform_version": "0.13.5",
  "serial": 193,
  "lineage": "08e174fd-a7c1-ca38-167a-ae0d59b463ff",
  "outputs": {
    "web_url": {
      "value": "https://icaroribeiro-newgocctmplapi.herokuapp.com/",
      "type": "string"
    }
  },
  "resources": [
    {
      "mode": "managed",
      "type": "heroku_addon",
      "name": "database",
      "provider": "provider[\"registry.terraform.io/heroku/heroku\"]",
      "instances": [
        {
          "schema_version": 2,
          "attributes": {
            "app": "icaroribeiro-newgocctmplapi",
            "config": null,
            "config_vars": [
              "DATABASE_URL"
            ],
            "id": "b8c42641-4f85-447c-b91b-2d108f8cb8d3",
            "name": "postgresql-concentric-17629",
            "plan": "heroku-postgresql:hobby-dev",
            "provider_id": "27691264"
          },
          "private": "eyJzY2hlbWFfdmVyc2lvbiI6IjIifQ==",
          "dependencies": [
            "heroku_app.default"
          ]
        }
      ]
    },
    {
      "mode": "managed",
      "type": "heroku_app",
      "name": "default",
      "provider": "provider[\"registry.terraform.io/heroku/heroku\"]",
      "instances": [
        {
          "schema_version": 0,
          "attributes": {
            "acm": false,
            "all_config_vars": {},
            "buildpacks": [],
            "config_vars": {},
            "git_url": "https://git.heroku.com/icaroribeiro-newgocctmplapi.git",
            "heroku_hostname": "icaroribeiro-newgocctmplapi.herokuapp.com",
            "id": "icaroribeiro-newgocctmplapi",
            "internal_routing": false,
            "name": "icaroribeiro-newgocctmplapi",
            "organization": [],
            "region": "us",
            "sensitive_config_vars": {},
            "space": null,
            "stack": "container",
            "uuid": "23b842ad-eec3-4087-9180-135094c30821",
            "web_url": "https://icaroribeiro-newgocctmplapi.herokuapp.com/"
          },
          "private": "bnVsbA=="
        }
      ]
    },
    {
      "mode": "managed",
      "type": "heroku_build",
      "name": "default",
      "provider": "provider[\"registry.terraform.io/heroku/heroku\"]",
      "instances": [
        {
          "schema_version": 0,
          "attributes": {
            "app": "icaroribeiro-newgocctmplapi",
            "buildpacks": [],
            "id": "013a9ef9-6999-47a3-a16a-75585002d8bb",
            "local_checksum": "SHA256:c6ac92f1177b00fc5797ef70e0321895e186c0232e85ef0e61c987e140128f87",
            "output_stream_url": "https://build-output.heroku.com/streams/23/23b842ad-eec3-4087-9180-135094c30821/logs/01/013a9ef9-6999-47a3-a16a-75585002d8bb.log?X-Amz-Algorithm=AWS4-HMAC-SHA256\u0026X-Amz-Credential=AKIAZSXS6CXK3PQ5Y6GY%2F20220516%2Fus-east-1%2Fs3%2Faws4_request\u0026X-Amz-Date=20220516T180943Z\u0026X-Amz-Expires=86400\u0026X-Amz-SignedHeaders=host\u0026X-Amz-Signature=bc42ba0166e3639fa11fd9fdef1ae5bf209fef38d5b5ff166650fda1f37afb1e",
            "release_id": "f3a3b7bd-2aa5-4914-8db9-9777c4d17100",
            "slug_id": null,
            "source": [
              {
                "checksum": "",
                "path": "../app",
                "url": "",
                "version": ""
              }
            ],
            "stack": "container",
            "status": "succeeded",
            "user": [
              {
                "email": "icaroribeiro@hotmail.com",
                "id": "1008c883-0e02-401e-9518-ac5eace28257"
              }
            ],
            "uuid": "013a9ef9-6999-47a3-a16a-75585002d8bb"
          },
          "private": "bnVsbA==",
          "dependencies": [
            "heroku_app.default"
          ]
        }
      ]
    }
  ]
}
