{
  "version": 4,
  "terraform_version": "0.13.5",
  "serial": 201,
  "lineage": "08e174fd-a7c1-ca38-167a-ae0d59b463ff",
  "outputs": {
    "web_url": {
      "value": "https://icaroribeiro-newgocctmplapi.herokuapp.com/",
      "type": "string"
    }
  },
  "resources": [
    {
      "mode": "managed",
      "type": "heroku_addon",
      "name": "database",
      "provider": "provider[\"registry.terraform.io/heroku/heroku\"]",
      "instances": [
        {
          "schema_version": 2,
          "attributes": {
            "app": "icaroribeiro-newgocctmplapi",
            "config": null,
            "config_vars": [
              "DATABASE_URL"
            ],
            "id": "3c92f7aa-be50-46a3-9a30-00e21997b169",
            "name": "postgresql-solid-92554",
            "plan": "heroku-postgresql:hobby-dev",
            "provider_id": "27691432"
          },
          "private": "eyJzY2hlbWFfdmVyc2lvbiI6IjIifQ==",
          "dependencies": [
            "heroku_app.default"
          ]
        }
      ]
    },
    {
      "mode": "managed",
      "type": "heroku_app",
      "name": "default",
      "provider": "provider[\"registry.terraform.io/heroku/heroku\"]",
      "instances": [
        {
          "schema_version": 0,
          "attributes": {
            "acm": false,
            "all_config_vars": {},
            "buildpacks": [],
            "config_vars": {},
            "git_url": "https://git.heroku.com/icaroribeiro-newgocctmplapi.git",
            "heroku_hostname": "icaroribeiro-newgocctmplapi.herokuapp.com",
            "id": "icaroribeiro-newgocctmplapi",
            "internal_routing": false,
            "name": "icaroribeiro-newgocctmplapi",
            "organization": [],
            "region": "us",
            "sensitive_config_vars": {},
            "space": null,
            "stack": "container",
            "uuid": "e15b0048-d17b-4795-8687-b52a8cfc7dce",
            "web_url": "https://icaroribeiro-newgocctmplapi.herokuapp.com/"
          },
          "private": "bnVsbA=="
        }
      ]
    },
    {
      "mode": "managed",
      "type": "heroku_build",
      "name": "default",
      "provider": "provider[\"registry.terraform.io/heroku/heroku\"]",
      "instances": [
        {
          "schema_version": 0,
          "attributes": {
            "app": "icaroribeiro-newgocctmplapi",
            "buildpacks": [],
            "id": "daa96133-d4e2-4ad7-ba40-0285199a1a01",
            "local_checksum": "SHA256:c6ac92f1177b00fc5797ef70e0321895e186c0232e85ef0e61c987e140128f87",
            "output_stream_url": "https://build-output.heroku.com/streams/e1/e15b0048-d17b-4795-8687-b52a8cfc7dce/logs/da/daa96133-d4e2-4ad7-ba40-0285199a1a01.log?X-Amz-Algorithm=AWS4-HMAC-SHA256\u0026X-Amz-Credential=AKIAZSXS6CXK3PQ5Y6GY%2F20220516%2Fus-east-1%2Fs3%2Faws4_request\u0026X-Amz-Date=20220516T182935Z\u0026X-Amz-Expires=86400\u0026X-Amz-SignedHeaders=host\u0026X-Amz-Signature=d4d63f5d5ea2313d45438112c194b55cda31fb964fa5e9055f3e55b2e6b760c4",
            "release_id": "610bba29-bfa2-4284-a3e2-28c8eae27a24",
            "slug_id": null,
            "source": [
              {
                "checksum": "",
                "path": "../app",
                "url": "",
                "version": ""
              }
            ],
            "stack": "container",
            "status": "succeeded",
            "user": [
              {
                "email": "icaroribeiro@hotmail.com",
                "id": "1008c883-0e02-401e-9518-ac5eace28257"
              }
            ],
            "uuid": "daa96133-d4e2-4ad7-ba40-0285199a1a01"
          },
          "private": "bnVsbA==",
          "dependencies": [
            "heroku_app.default"
          ]
        }
      ]
    }
  ]
}
